# THIS IS AN AUTOGENERATED FILE. DO NOT EDIT THIS FILE DIRECTLY.
# yarn lockfile v1


"@aashutoshrathi/word-wrap@^1.2.3":
  version "1.2.6"

"@alloc/quick-lru@^5.2.0":
  version "5.2.0"

"@ampproject/remapping@^2.2.1":
  version "2.2.1"
  dependencies:
    "@jridgewell/gen-mapping" "^0.3.0"
    "@jridgewell/trace-mapping" "^0.3.9"

"@babel/parser@^7.20.15":
  version "7.23.9"

"@esbuild/linux-x64@0.18.20":
  version "0.18.20"

"@esbuild/linux-x64@0.19.12":
  version "0.19.12"

"@eslint-community/eslint-utils@^4.2.0", "@eslint-community/eslint-utils@^4.4.0":
  version "4.4.0"
  dependencies:
    eslint-visitor-keys "^3.3.0"

"@eslint-community/regexpp@^4.5.1", "@eslint-community/regexpp@^4.6.1":
  version "4.10.0"

"@eslint/eslintrc@^2.1.4":
  version "2.1.4"
  dependencies:
    ajv "^6.12.4"
    debug "^4.3.2"
    espree "^9.6.0"
    globals "^13.19.0"
    ignore "^5.2.0"
    import-fresh "^3.2.1"
    js-yaml "^4.1.0"
    minimatch "^3.1.2"
    strip-json-comments "^3.1.1"

"@eslint/js@8.56.0":
  version "8.56.0"

"@fastify/busboy@^2.0.0":
  version "2.1.0"

"@humanwhocodes/config-array@^0.11.13":
  version "0.11.14"
  dependencies:
    "@humanwhocodes/object-schema" "^2.0.2"
    debug "^4.3.1"
    minimatch "^3.0.5"

"@humanwhocodes/module-importer@^1.0.1":
  version "1.0.1"

"@humanwhocodes/object-schema@^2.0.2":
  version "2.0.2"

"@isaacs/cliui@^8.0.2":
  version "8.0.2"
  dependencies:
    string-width "^5.1.2"
    string-width-cjs "npm:string-width@^4.2.0"
    strip-ansi "^7.0.1"
    strip-ansi-cjs "npm:strip-ansi@^6.0.1"
    wrap-ansi "^8.1.0"
    wrap-ansi-cjs "npm:wrap-ansi@^7.0.0"

"@jest/schemas@^29.6.3":
  version "29.6.3"
  dependencies:
    "@sinclair/typebox" "^0.27.8"

"@jridgewell/gen-mapping@^0.3.0", "@jridgewell/gen-mapping@^0.3.2":
  version "0.3.3"
  dependencies:
    "@jridgewell/set-array" "^1.0.1"
    "@jridgewell/sourcemap-codec" "^1.4.10"
    "@jridgewell/trace-mapping" "^0.3.9"

"@jridgewell/resolve-uri@^3.1.0":
  version "3.1.1"

"@jridgewell/set-array@^1.0.1":
  version "1.1.2"

"@jridgewell/sourcemap-codec@^1.4.10", "@jridgewell/sourcemap-codec@^1.4.14", "@jridgewell/sourcemap-codec@^1.4.15":
  version "1.4.15"

"@jridgewell/trace-mapping@^0.3.17", "@jridgewell/trace-mapping@^0.3.18", "@jridgewell/trace-mapping@^0.3.9":
  version "0.3.22"
  dependencies:
    "@jridgewell/resolve-uri" "^3.1.0"
    "@jridgewell/sourcemap-codec" "^1.4.14"

"@jsdoc/salty@^0.2.1":
  version "0.2.7"
  dependencies:
    lodash "^4.17.21"

"@mapbox/geojson-rewind@^0.5.2":
  version "0.5.2"
  dependencies:
    get-stream "^6.0.1"
    minimist "^1.2.6"

"@mapbox/jsonlint-lines-primitives@^2.0.2", "@mapbox/jsonlint-lines-primitives@~2.0.2":
  version "2.0.2"

"@mapbox/mapbox-gl-framerate@github:mapbox/mapbox-gl-framerate":
  version "0.1.2"
  resolved "git+ssh://git@github.com/mapbox/mapbox-gl-framerate.git#874c418a69d7d0e9fdad6f7fe20930eb0f811918"

"@mapbox/mapbox-gl-supported@^2.0.1":
  version "2.0.1"

"@mapbox/point-geometry@^0.1.0", "@mapbox/point-geometry@~0.1.0", "@mapbox/point-geometry@0.1.0":
  version "0.1.0"

"@mapbox/tiny-sdf@^2.0.6":
  version "2.0.6"

"@mapbox/unitbezier@^0.0.1":
  version "0.0.1"

"@mapbox/vector-tile@^1.3.1":
  version "1.3.1"
  dependencies:
    "@mapbox/point-geometry" "~0.1.0"

"@mapbox/whoots-js@^3.1.0":
  version "3.1.0"

"@maplibre/maplibre-gl-style-spec@^19.3.3":
  version "19.3.3"
  dependencies:
    "@mapbox/jsonlint-lines-primitives" "~2.0.2"
    "@mapbox/unitbezier" "^0.0.1"
    json-stringify-pretty-compact "^3.0.0"
    minimist "^1.2.8"
    rw "^1.3.3"
    sort-object "^3.0.3"

"@nodelib/fs.scandir@2.1.5":
  version "2.1.5"
  dependencies:
    "@nodelib/fs.stat" "2.0.5"
    run-parallel "^1.1.9"

"@nodelib/fs.stat@^2.0.2", "@nodelib/fs.stat@2.0.5":
  version "2.0.5"

"@nodelib/fs.walk@^1.2.3", "@nodelib/fs.walk@^1.2.8":
  version "1.2.8"
  dependencies:
    "@nodelib/fs.scandir" "2.1.5"
    fastq "^1.6.0"

"@pkgjs/parseargs@^0.11.0":
  version "0.11.0"

"@playwright/test@^1.41.1":
  version "1.41.1"
  dependencies:
    playwright "1.41.1"

"@polka/url@^1.0.0-next.24":
  version "1.0.0-next.24"

"@protobufjs/aspromise@^1.1.1", "@protobufjs/aspromise@^1.1.2":
  version "1.1.2"

"@protobufjs/base64@^1.1.2":
  version "1.1.2"

"@protobufjs/codegen@^2.0.4":
  version "2.0.4"

"@protobufjs/eventemitter@^1.1.0":
  version "1.1.0"

"@protobufjs/fetch@^1.1.0":
  version "1.1.0"
  dependencies:
    "@protobufjs/aspromise" "^1.1.1"
    "@protobufjs/inquire" "^1.1.0"

"@protobufjs/float@^1.0.2":
  version "1.0.2"

"@protobufjs/inquire@^1.1.0":
  version "1.1.0"

"@protobufjs/path@^1.1.2":
  version "1.1.2"

"@protobufjs/pool@^1.1.0":
  version "1.1.0"

"@protobufjs/utf8@^1.1.0":
  version "1.1.0"

"@rollup/plugin-commonjs@^25.0.0":
  version "25.0.7"
  dependencies:
    "@rollup/pluginutils" "^5.0.1"
    commondir "^1.0.1"
    estree-walker "^2.0.2"
    glob "^8.0.3"
    is-reference "1.2.1"
    magic-string "^0.30.3"

"@rollup/plugin-json@^6.0.0":
  version "6.1.0"
  dependencies:
    "@rollup/pluginutils" "^5.1.0"

"@rollup/plugin-node-resolve@^15.0.1":
  version "15.2.3"
  dependencies:
    "@rollup/pluginutils" "^5.0.1"
    "@types/resolve" "1.20.2"
    deepmerge "^4.2.2"
    is-builtin-module "^3.2.1"
    is-module "^1.0.0"
    resolve "^1.22.1"

"@rollup/pluginutils@^5.0.1", "@rollup/pluginutils@^5.1.0":
  version "5.1.0"
  dependencies:
    "@types/estree" "^1.0.0"
    estree-walker "^2.0.2"
    picomatch "^2.3.1"

"@rollup/rollup-linux-x64-gnu@4.9.6":
  version "4.9.6"

"@rollup/rollup-linux-x64-musl@4.9.6":
  version "4.9.6"

"@sinclair/typebox@^0.27.8":
  version "0.27.8"

"@sveltejs/adapter-auto@^2.0.0":
  version "2.1.1"
  dependencies:
    import-meta-resolve "^4.0.0"

"@sveltejs/adapter-node@^1.3.1":
  version "1.3.1"
  resolved "https://registry.npmjs.org/@sveltejs/adapter-node/-/adapter-node-1.3.1.tgz"
  integrity sha512-A0VgRQDCDPzdLNoiAbcOxGw4zT1Mc+n1LwT1OmO350R7WxrEqdMUChPPOd1iMfIDWlP4ie6E2d/WQf5es2d4Zw==
  dependencies:
    "@rollup/plugin-commonjs" "^25.0.0"
    "@rollup/plugin-json" "^6.0.0"
    "@rollup/plugin-node-resolve" "^15.0.1"
    rollup "^3.7.0"

"@sveltejs/kit@^1.0.0", "@sveltejs/kit@^1.30.3":
  version "1.30.3"
  dependencies:
    "@sveltejs/vite-plugin-svelte" "^2.5.0"
    "@types/cookie" "^0.5.1"
    cookie "^0.5.0"
    devalue "^4.3.1"
    esm-env "^1.0.0"
    kleur "^4.1.5"
    magic-string "^0.30.0"
    mrmime "^1.0.1"
    sade "^1.8.1"
    set-cookie-parser "^2.6.0"
    sirv "^2.0.2"
    tiny-glob "^0.2.9"
    undici "~5.26.2"

"@sveltejs/vite-plugin-svelte-inspector@^1.0.4":
  version "1.0.4"
  dependencies:
    debug "^4.3.4"

"@sveltejs/vite-plugin-svelte@^2.2.0", "@sveltejs/vite-plugin-svelte@^2.5.0":
  version "2.5.3"
  dependencies:
    "@sveltejs/vite-plugin-svelte-inspector" "^1.0.4"
    debug "^4.3.4"
    deepmerge "^4.3.1"
    kleur "^4.1.5"
    magic-string "^0.30.3"
    svelte-hmr "^0.15.3"
    vitefu "^0.2.4"

"@types/cookie@^0.5.1":
  version "0.5.4"

"@types/estree@*", "@types/estree@^1.0.0", "@types/estree@^1.0.1", "@types/estree@1.0.5":
  version "1.0.5"

"@types/geojson@*", "@types/geojson@^7946.0.13":
  version "7946.0.13"

"@types/json-schema@^7.0.12":
  version "7.0.15"

"@types/linkify-it@*":
  version "3.0.5"

"@types/mapbox__point-geometry@*", "@types/mapbox__point-geometry@^0.1.4":
  version "0.1.4"

"@types/mapbox__vector-tile@^1.3.4":
  version "1.3.4"
  dependencies:
    "@types/geojson" "*"
    "@types/mapbox__point-geometry" "*"
    "@types/pbf" "*"

"@types/mapbox-gl@^2.7.19":
  version "2.7.20"
  dependencies:
    "@types/geojson" "*"

"@types/markdown-it@*", "@types/markdown-it@^12.2.3":
  version "12.2.3"
  dependencies:
    "@types/linkify-it" "*"
    "@types/mdurl" "*"

"@types/mdurl@*":
  version "1.0.5"

"@types/node@^18.0.0 || >=20.0.0", "@types/node@>= 14", "@types/node@>=13.7.0":
  version "20.11.10"
  dependencies:
    undici-types "~5.26.4"

"@types/pbf@*", "@types/pbf@^3.0.5":
  version "3.0.5"

"@types/pug@^2.0.6":
  version "2.0.10"

"@types/resolve@1.20.2":
  version "1.20.2"

"@types/semver@^7.5.0":
  version "7.5.6"

"@types/supercluster@^7.1.3":
  version "7.1.3"
  dependencies:
    "@types/geojson" "*"

"@typescript-eslint/eslint-plugin@^6.19.1":
  version "6.20.0"
  dependencies:
    "@eslint-community/regexpp" "^4.5.1"
    "@typescript-eslint/scope-manager" "6.20.0"
    "@typescript-eslint/type-utils" "6.20.0"
    "@typescript-eslint/utils" "6.20.0"
    "@typescript-eslint/visitor-keys" "6.20.0"
    debug "^4.3.4"
    graphemer "^1.4.0"
    ignore "^5.2.4"
    natural-compare "^1.4.0"
    semver "^7.5.4"
    ts-api-utils "^1.0.1"

"@typescript-eslint/parser@^6.0.0 || ^6.0.0-alpha", "@typescript-eslint/parser@^6.19.0":
  version "6.20.0"
  dependencies:
    "@typescript-eslint/scope-manager" "6.20.0"
    "@typescript-eslint/types" "6.20.0"
    "@typescript-eslint/typescript-estree" "6.20.0"
    "@typescript-eslint/visitor-keys" "6.20.0"
    debug "^4.3.4"

"@typescript-eslint/scope-manager@6.20.0":
  version "6.20.0"
  dependencies:
    "@typescript-eslint/types" "6.20.0"
    "@typescript-eslint/visitor-keys" "6.20.0"

"@typescript-eslint/type-utils@6.20.0":
  version "6.20.0"
  dependencies:
    "@typescript-eslint/typescript-estree" "6.20.0"
    "@typescript-eslint/utils" "6.20.0"
    debug "^4.3.4"
    ts-api-utils "^1.0.1"

"@typescript-eslint/types@6.20.0":
  version "6.20.0"

"@typescript-eslint/typescript-estree@6.20.0":
  version "6.20.0"
  dependencies:
    "@typescript-eslint/types" "6.20.0"
    "@typescript-eslint/visitor-keys" "6.20.0"
    debug "^4.3.4"
    globby "^11.1.0"
    is-glob "^4.0.3"
    minimatch "9.0.3"
    semver "^7.5.4"
    ts-api-utils "^1.0.1"

"@typescript-eslint/utils@6.20.0":
  version "6.20.0"
  dependencies:
    "@eslint-community/eslint-utils" "^4.4.0"
    "@types/json-schema" "^7.0.12"
    "@types/semver" "^7.5.0"
    "@typescript-eslint/scope-manager" "6.20.0"
    "@typescript-eslint/types" "6.20.0"
    "@typescript-eslint/typescript-estree" "6.20.0"
    semver "^7.5.4"

"@typescript-eslint/visitor-keys@6.20.0":
  version "6.20.0"
  dependencies:
    "@typescript-eslint/types" "6.20.0"
    eslint-visitor-keys "^3.4.1"

"@ungap/structured-clone@^1.2.0":
  version "1.2.0"

"@vitest/expect@1.2.2":
  version "1.2.2"
  dependencies:
    "@vitest/spy" "1.2.2"
    "@vitest/utils" "1.2.2"
    chai "^4.3.10"

"@vitest/runner@1.2.2":
  version "1.2.2"
  dependencies:
    "@vitest/utils" "1.2.2"
    p-limit "^5.0.0"
    pathe "^1.1.1"

"@vitest/snapshot@1.2.2":
  version "1.2.2"
  dependencies:
    magic-string "^0.30.5"
    pathe "^1.1.1"
    pretty-format "^29.7.0"

"@vitest/spy@1.2.2":
  version "1.2.2"
  dependencies:
    tinyspy "^2.2.0"

"@vitest/utils@1.2.2":
  version "1.2.2"
  dependencies:
    diff-sequences "^29.6.3"
    estree-walker "^3.0.3"
    loupe "^2.3.7"
    pretty-format "^29.7.0"

"@zerodevx/svelte-toast@^0.9.5":
  version "0.9.5"

acorn-jsx@^5.3.2:
  version "5.3.2"

acorn-walk@^8.3.2:
  version "8.3.2"

"acorn@^6.0.0 || ^7.0.0 || ^8.0.0", acorn@^8.10.0, acorn@^8.11.3, acorn@^8.9.0:
  version "8.11.3"

ajv@^6.12.4:
  version "6.12.6"
  dependencies:
    fast-deep-equal "^3.1.1"
    fast-json-stable-stringify "^2.0.0"
    json-schema-traverse "^0.4.1"
    uri-js "^4.2.2"

ansi-regex@^5.0.1:
  version "5.0.1"

ansi-regex@^6.0.1:
  version "6.0.1"

ansi-styles@^4.0.0, ansi-styles@^4.1.0:
  version "4.3.0"
  dependencies:
    color-convert "^2.0.1"

ansi-styles@^5.0.0:
  version "5.2.0"

ansi-styles@^6.1.0:
  version "6.2.1"

any-promise@^1.0.0:
  version "1.3.0"

anymatch@~3.1.2:
  version "3.1.3"
  dependencies:
    normalize-path "^3.0.0"
    picomatch "^2.0.4"

arg@^5.0.2:
  version "5.0.2"

argparse@^2.0.1:
  version "2.0.1"

aria-query@^5.3.0:
  version "5.3.0"
  dependencies:
    dequal "^2.0.3"

arr-union@^3.1.0:
  version "3.1.0"

array-union@^2.1.0:
  version "2.1.0"

assertion-error@^1.1.0:
  version "1.1.0"

assign-symbols@^1.0.0:
  version "1.0.0"

autoprefixer@^10.4.17:
  version "10.4.17"
  dependencies:
    browserslist "^4.22.2"
    caniuse-lite "^1.0.30001578"
    fraction.js "^4.3.7"
    normalize-range "^0.1.2"
    picocolors "^1.0.0"
    postcss-value-parser "^4.2.0"

axobject-query@^4.0.0:
  version "4.0.0"
  dependencies:
    dequal "^2.0.3"

balanced-match@^1.0.0:
  version "1.0.2"

base65536@^4.0.3:
  version "4.0.3"

binary-extensions@^2.0.0:
  version "2.2.0"

bluebird@^3.7.2:
  version "3.7.2"

brace-expansion@^1.1.7:
  version "1.1.11"
  dependencies:
    balanced-match "^1.0.0"
    concat-map "0.0.1"

brace-expansion@^2.0.1:
  version "2.0.1"
  dependencies:
    balanced-match "^1.0.0"

braces@^3.0.2, braces@~3.0.2:
  version "3.0.2"
  dependencies:
    fill-range "^7.0.1"

browserslist@^4.22.2, "browserslist@>= 4.21.0":
  version "4.22.3"
  dependencies:
    caniuse-lite "^1.0.30001580"
    electron-to-chromium "^1.4.648"
    node-releases "^2.0.14"
    update-browserslist-db "^1.0.13"

buffer-crc32@^0.2.5:
  version "0.2.13"

builtin-modules@^3.3.0:
  version "3.3.0"

bytewise-core@^1.2.2:
  version "1.2.3"
  dependencies:
    typewise-core "^1.2"

bytewise@^1.1.0:
  version "1.1.0"
  dependencies:
    bytewise-core "^1.2.2"
    typewise "^1.0.3"

cac@^6.7.14:
  version "6.7.14"

callsites@^3.0.0:
  version "3.1.0"

camelcase-css@^2.0.1:
  version "2.0.1"

caniuse-lite@^1.0.30001578, caniuse-lite@^1.0.30001580:
  version "1.0.30001581"

catharsis@^0.9.0:
  version "0.9.0"
  dependencies:
    lodash "^4.17.15"

chai@^4.3.10:
  version "4.4.1"
  dependencies:
    assertion-error "^1.1.0"
    check-error "^1.0.3"
    deep-eql "^4.1.3"
    get-func-name "^2.0.2"
    loupe "^2.3.6"
    pathval "^1.1.1"
    type-detect "^4.0.8"

chalk@^4.0.0:
  version "4.1.2"
  dependencies:
    ansi-styles "^4.1.0"
    supports-color "^7.1.0"

cheap-ruler@^3.0.1:
  version "3.0.2"

check-error@^1.0.3:
  version "1.0.3"
  dependencies:
    get-func-name "^2.0.2"

chokidar@^3.4.1, chokidar@^3.5.3:
  version "3.5.3"
  dependencies:
    anymatch "~3.1.2"
    braces "~3.0.2"
    glob-parent "~5.1.2"
    is-binary-path "~2.1.0"
    is-glob "~4.0.1"
    normalize-path "~3.0.0"
    readdirp "~3.6.0"
  optionalDependencies:
    fsevents "~2.3.2"

code-red@^1.0.3:
  version "1.0.4"
  dependencies:
    "@jridgewell/sourcemap-codec" "^1.4.15"
    "@types/estree" "^1.0.1"
    acorn "^8.10.0"
    estree-walker "^3.0.3"
    periscopic "^3.1.0"

color-convert@^2.0.1:
  version "2.0.1"
  dependencies:
    color-name "~1.1.4"

color-name@~1.1.4:
  version "1.1.4"

commander@^4.0.0:
  version "4.1.1"

commondir@^1.0.1:
  version "1.0.1"

concat-map@0.0.1:
  version "0.0.1"

cookie@^0.5.0:
  version "0.5.0"

cross-spawn@^7.0.0, cross-spawn@^7.0.2, cross-spawn@^7.0.3:
  version "7.0.3"
  dependencies:
    path-key "^3.1.0"
    shebang-command "^2.0.0"
    which "^2.0.1"

css-tree@^2.3.1:
  version "2.3.1"
  dependencies:
    mdn-data "2.0.30"
    source-map-js "^1.0.1"

csscolorparser@~1.0.3:
  version "1.0.3"

cssesc@^3.0.0:
  version "3.0.0"

debug@^4.3.1, debug@^4.3.2, debug@^4.3.4:
  version "4.3.4"
  dependencies:
    ms "2.1.2"

deep-eql@^4.1.3:
  version "4.1.3"
  dependencies:
    type-detect "^4.0.0"

deep-is@^0.1.3, deep-is@~0.1.3:
  version "0.1.4"

deepmerge@^4.2.2, deepmerge@^4.3.1:
  version "4.3.1"

dequal@^2.0.3:
  version "2.0.3"

detect-indent@^6.1.0:
  version "6.1.0"

devalue@^4.3.1:
  version "4.3.2"

didyoumean@^1.2.2:
  version "1.2.2"

diff-sequences@^29.6.3:
  version "29.6.3"

dir-glob@^3.0.1:
  version "3.0.1"
  dependencies:
    path-type "^4.0.0"

dlv@^1.1.3:
  version "1.1.3"

doctrine@^3.0.0:
  version "3.0.0"
  dependencies:
    esutils "^2.0.2"

earcut@^2.2.4:
  version "2.2.4"

eastasianwidth@^0.2.0:
  version "0.2.0"

electron-to-chromium@^1.4.648:
  version "1.4.650"

emoji-regex@^8.0.0:
  version "8.0.0"

emoji-regex@^9.2.2:
  version "9.2.2"

entities@~2.1.0:
  version "2.1.0"

es6-promise@^3.1.2:
  version "3.3.1"

esbuild@^0.18.10:
  version "0.18.20"
  optionalDependencies:
    "@esbuild/android-arm" "0.18.20"
    "@esbuild/android-arm64" "0.18.20"
    "@esbuild/android-x64" "0.18.20"
    "@esbuild/darwin-arm64" "0.18.20"
    "@esbuild/darwin-x64" "0.18.20"
    "@esbuild/freebsd-arm64" "0.18.20"
    "@esbuild/freebsd-x64" "0.18.20"
    "@esbuild/linux-arm" "0.18.20"
    "@esbuild/linux-arm64" "0.18.20"
    "@esbuild/linux-ia32" "0.18.20"
    "@esbuild/linux-loong64" "0.18.20"
    "@esbuild/linux-mips64el" "0.18.20"
    "@esbuild/linux-ppc64" "0.18.20"
    "@esbuild/linux-riscv64" "0.18.20"
    "@esbuild/linux-s390x" "0.18.20"
    "@esbuild/linux-x64" "0.18.20"
    "@esbuild/netbsd-x64" "0.18.20"
    "@esbuild/openbsd-x64" "0.18.20"
    "@esbuild/sunos-x64" "0.18.20"
    "@esbuild/win32-arm64" "0.18.20"
    "@esbuild/win32-ia32" "0.18.20"
    "@esbuild/win32-x64" "0.18.20"

esbuild@^0.19.3:
  version "0.19.12"
  optionalDependencies:
    "@esbuild/aix-ppc64" "0.19.12"
    "@esbuild/android-arm" "0.19.12"
    "@esbuild/android-arm64" "0.19.12"
    "@esbuild/android-x64" "0.19.12"
    "@esbuild/darwin-arm64" "0.19.12"
    "@esbuild/darwin-x64" "0.19.12"
    "@esbuild/freebsd-arm64" "0.19.12"
    "@esbuild/freebsd-x64" "0.19.12"
    "@esbuild/linux-arm" "0.19.12"
    "@esbuild/linux-arm64" "0.19.12"
    "@esbuild/linux-ia32" "0.19.12"
    "@esbuild/linux-loong64" "0.19.12"
    "@esbuild/linux-mips64el" "0.19.12"
    "@esbuild/linux-ppc64" "0.19.12"
    "@esbuild/linux-riscv64" "0.19.12"
    "@esbuild/linux-s390x" "0.19.12"
    "@esbuild/linux-x64" "0.19.12"
    "@esbuild/netbsd-x64" "0.19.12"
    "@esbuild/openbsd-x64" "0.19.12"
    "@esbuild/sunos-x64" "0.19.12"
    "@esbuild/win32-arm64" "0.19.12"
    "@esbuild/win32-ia32" "0.19.12"
    "@esbuild/win32-x64" "0.19.12"

escalade@^3.1.1:
  version "3.1.1"

escape-string-regexp@^2.0.0:
  version "2.0.0"

escape-string-regexp@^4.0.0:
  version "4.0.0"

escodegen@^1.13.0:
  version "1.14.3"
  dependencies:
    esprima "^4.0.1"
    estraverse "^4.2.0"
    esutils "^2.0.2"
    optionator "^0.8.1"
  optionalDependencies:
    source-map "~0.6.1"

eslint-compat-utils@^0.1.2:
  version "0.1.2"

eslint-config-prettier@^9.1.0:
  version "9.1.0"

eslint-plugin-svelte@^2.35.1:
  version "2.35.1"
  dependencies:
    "@eslint-community/eslint-utils" "^4.2.0"
    "@jridgewell/sourcemap-codec" "^1.4.14"
    debug "^4.3.1"
    eslint-compat-utils "^0.1.2"
    esutils "^2.0.3"
    known-css-properties "^0.29.0"
    postcss "^8.4.5"
    postcss-load-config "^3.1.4"
    postcss-safe-parser "^6.0.0"
    postcss-selector-parser "^6.0.11"
    semver "^7.5.3"
    svelte-eslint-parser ">=0.33.0 <1.0.0"

eslint-scope@^7.0.0, eslint-scope@^7.2.2:
  version "7.2.2"
  dependencies:
    esrecurse "^4.3.0"
    estraverse "^5.2.0"

eslint-visitor-keys@^3.0.0, eslint-visitor-keys@^3.3.0, eslint-visitor-keys@^3.4.1, eslint-visitor-keys@^3.4.3:
  version "3.4.3"

"eslint@^6.0.0 || ^7.0.0 || >=8.0.0", "eslint@^7.0.0 || ^8.0.0", "eslint@^7.0.0 || ^8.0.0-0", eslint@^8.56.0, eslint@>=6.0.0, eslint@>=7.0.0:
  version "8.56.0"
  dependencies:
    "@eslint-community/eslint-utils" "^4.2.0"
    "@eslint-community/regexpp" "^4.6.1"
    "@eslint/eslintrc" "^2.1.4"
    "@eslint/js" "8.56.0"
    "@humanwhocodes/config-array" "^0.11.13"
    "@humanwhocodes/module-importer" "^1.0.1"
    "@nodelib/fs.walk" "^1.2.8"
    "@ungap/structured-clone" "^1.2.0"
    ajv "^6.12.4"
    chalk "^4.0.0"
    cross-spawn "^7.0.2"
    debug "^4.3.2"
    doctrine "^3.0.0"
    escape-string-regexp "^4.0.0"
    eslint-scope "^7.2.2"
    eslint-visitor-keys "^3.4.3"
    espree "^9.6.1"
    esquery "^1.4.2"
    esutils "^2.0.2"
    fast-deep-equal "^3.1.3"
    file-entry-cache "^6.0.1"
    find-up "^5.0.0"
    glob-parent "^6.0.2"
    globals "^13.19.0"
    graphemer "^1.4.0"
    ignore "^5.2.0"
    imurmurhash "^0.1.4"
    is-glob "^4.0.0"
    is-path-inside "^3.0.3"
    js-yaml "^4.1.0"
    json-stable-stringify-without-jsonify "^1.0.1"
    levn "^0.4.1"
    lodash.merge "^4.6.2"
    minimatch "^3.1.2"
    natural-compare "^1.4.0"
    optionator "^0.9.3"
    strip-ansi "^6.0.1"
    text-table "^0.2.0"

esm-env@^1.0.0:
  version "1.0.0"

espree@^9.0.0, espree@^9.6.0, espree@^9.6.1:
  version "9.6.1"
  dependencies:
    acorn "^8.9.0"
    acorn-jsx "^5.3.2"
    eslint-visitor-keys "^3.4.1"

esprima@^4.0.1:
  version "4.0.1"

esquery@^1.4.2:
  version "1.5.0"
  dependencies:
    estraverse "^5.1.0"

esrecurse@^4.3.0:
  version "4.3.0"
  dependencies:
    estraverse "^5.2.0"

estraverse@^4.2.0:
  version "4.3.0"

estraverse@^5.1.0, estraverse@^5.2.0:
  version "5.3.0"

estree-walker@^2.0.2:
  version "2.0.2"

estree-walker@^3.0.0:
  version "3.0.3"
  dependencies:
    "@types/estree" "^1.0.0"

estree-walker@^3.0.3:
  version "3.0.3"
  dependencies:
    "@types/estree" "^1.0.0"

esutils@^2.0.2, esutils@^2.0.3:
  version "2.0.3"

execa@^8.0.1:
  version "8.0.1"
  dependencies:
    cross-spawn "^7.0.3"
    get-stream "^8.0.1"
    human-signals "^5.0.0"
    is-stream "^3.0.0"
    merge-stream "^2.0.0"
    npm-run-path "^5.1.0"
    onetime "^6.0.0"
    signal-exit "^4.1.0"
    strip-final-newline "^3.0.0"

extend-shallow@^2.0.1:
  version "2.0.1"
  dependencies:
    is-extendable "^0.1.0"

extend-shallow@^3.0.0:
  version "3.0.2"
  dependencies:
    assign-symbols "^1.0.0"
    is-extendable "^1.0.1"

fast-deep-equal@^3.1.1, fast-deep-equal@^3.1.3:
  version "3.1.3"

fast-glob@^3.2.7, fast-glob@^3.2.9, fast-glob@^3.3.0:
  version "3.3.2"
  dependencies:
    "@nodelib/fs.stat" "^2.0.2"
    "@nodelib/fs.walk" "^1.2.3"
    glob-parent "^5.1.2"
    merge2 "^1.3.0"
    micromatch "^4.0.4"

fast-json-stable-stringify@^2.0.0:
  version "2.1.0"

fast-levenshtein@^2.0.6, fast-levenshtein@~2.0.6:
  version "2.0.6"

fastq@^1.6.0:
  version "1.17.0"
  dependencies:
    reusify "^1.0.4"

file-entry-cache@^6.0.1:
  version "6.0.1"
  dependencies:
    flat-cache "^3.0.4"

fill-range@^7.0.1:
  version "7.0.1"
  dependencies:
    to-regex-range "^5.0.1"

find-up@^5.0.0:
  version "5.0.0"
  dependencies:
    locate-path "^6.0.0"
    path-exists "^4.0.0"

flat-cache@^3.0.4:
  version "3.2.0"
  dependencies:
    flatted "^3.2.9"
    keyv "^4.5.3"
    rimraf "^3.0.2"

flatted@^3.2.9:
  version "3.2.9"

foreground-child@^3.1.0:
  version "3.1.1"
  dependencies:
    cross-spawn "^7.0.0"
    signal-exit "^4.0.1"

fraction.js@^4.3.7:
  version "4.3.7"

fs.realpath@^1.0.0:
  version "1.0.0"

function-bind@^1.1.2:
  version "1.1.2"

geojson-vt@^3.2.1:
  version "3.2.1"

geolocation@^0.0.0:
  version "0.0.0"
  dependencies:
    inherits "~1.0.0"

get-func-name@^2.0.1, get-func-name@^2.0.2:
  version "2.0.2"

get-stream@^6.0.1:
  version "6.0.1"

get-stream@^8.0.1:
  version "8.0.1"

get-value@^2.0.2, get-value@^2.0.6:
  version "2.0.6"

gl-matrix@^3.4.3:
  version "3.4.3"

glob-parent@^5.1.2:
  version "5.1.2"
  dependencies:
    is-glob "^4.0.1"

glob-parent@^6.0.2:
  version "6.0.2"
  dependencies:
    is-glob "^4.0.3"

glob-parent@~5.1.2:
  version "5.1.2"
  dependencies:
    is-glob "^4.0.1"

glob@^10.3.10:
  version "10.3.10"
  dependencies:
    foreground-child "^3.1.0"
    jackspeak "^2.3.5"
    minimatch "^9.0.1"
    minipass "^5.0.0 || ^6.0.2 || ^7.0.0"
    path-scurry "^1.10.1"

glob@^7.1.3:
  version "7.2.3"
  dependencies:
    fs.realpath "^1.0.0"
    inflight "^1.0.4"
    inherits "2"
    minimatch "^3.1.1"
    once "^1.3.0"
    path-is-absolute "^1.0.0"

glob@^8.0.0, glob@^8.0.3:
  version "8.1.0"
  dependencies:
    fs.realpath "^1.0.0"
    inflight "^1.0.4"
    inherits "2"
    minimatch "^5.0.1"
    once "^1.3.0"

global-prefix@^3.0.0:
  version "3.0.0"
  dependencies:
    ini "^1.3.5"
    kind-of "^6.0.2"
    which "^1.3.1"

globals@^13.19.0:
  version "13.24.0"
  dependencies:
    type-fest "^0.20.2"

globalyzer@0.1.0:
  version "0.1.0"

globby@^11.1.0:
  version "11.1.0"
  dependencies:
    array-union "^2.1.0"
    dir-glob "^3.0.1"
    fast-glob "^3.2.9"
    ignore "^5.2.0"
    merge2 "^1.4.1"
    slash "^3.0.0"

globrex@^0.1.2:
  version "0.1.2"

graceful-fs@^4.1.3, graceful-fs@^4.1.9:
  version "4.2.11"

graphemer@^1.4.0:
  version "1.4.0"

grid-index@^1.1.0:
  version "1.1.0"

gtfs-realtime-bindings@^1.1.1:
  version "1.1.1"
  dependencies:
    protobufjs "^7.1.2"
    protobufjs-cli "^1.0.2"

has-flag@^4.0.0:
  version "4.0.0"

hasown@^2.0.0:
  version "2.0.0"
  dependencies:
    function-bind "^1.1.2"

human-signals@^5.0.0:
  version "5.0.0"

ieee754@^1.1.12:
  version "1.2.1"

ignore@^5.2.0, ignore@^5.2.4:
  version "5.3.0"

import-fresh@^3.2.1:
  version "3.3.0"
  dependencies:
    parent-module "^1.0.0"
    resolve-from "^4.0.0"

import-meta-resolve@^4.0.0:
  version "4.0.0"

imurmurhash@^0.1.4:
  version "0.1.4"

inflight@^1.0.4:
  version "1.0.6"
  dependencies:
    once "^1.3.0"
    wrappy "1"

inherits@~1.0.0:
  version "1.0.2"

inherits@2:
  version "2.0.4"

ini@^1.3.5:
  version "1.3.8"

is-binary-path@~2.1.0:
  version "2.1.0"
  dependencies:
    binary-extensions "^2.0.0"

is-builtin-module@^3.2.1:
  version "3.2.1"
  dependencies:
    builtin-modules "^3.3.0"

is-core-module@^2.13.0:
  version "2.13.1"
  dependencies:
    hasown "^2.0.0"

is-extendable@^0.1.0, is-extendable@^0.1.1:
  version "0.1.1"

is-extendable@^1.0.1:
  version "1.0.1"
  dependencies:
    is-plain-object "^2.0.4"

is-extglob@^2.1.1:
  version "2.1.1"

is-fullwidth-code-point@^3.0.0:
  version "3.0.0"

is-glob@^4.0.0, is-glob@^4.0.1, is-glob@^4.0.3, is-glob@~4.0.1:
  version "4.0.3"
  dependencies:
    is-extglob "^2.1.1"

is-module@^1.0.0:
  version "1.0.0"

is-number@^7.0.0:
  version "7.0.0"

is-path-inside@^3.0.3:
  version "3.0.3"

is-plain-object@^2.0.3, is-plain-object@^2.0.4:
  version "2.0.4"
  dependencies:
    isobject "^3.0.1"

is-reference@^3.0.0:
  version "3.0.2"
  dependencies:
    "@types/estree" "*"

is-reference@^3.0.1:
  version "3.0.2"
  dependencies:
    "@types/estree" "*"

is-reference@1.2.1:
  version "1.2.1"
  dependencies:
    "@types/estree" "*"

is-stream@^3.0.0:
  version "3.0.0"

isexe@^2.0.0:
  version "2.0.0"

isobject@^3.0.1:
  version "3.0.1"

jackspeak@^2.3.5:
  version "2.3.6"
  dependencies:
    "@isaacs/cliui" "^8.0.2"
  optionalDependencies:
    "@pkgjs/parseargs" "^0.11.0"

jiti@^1.19.1:
  version "1.21.0"

js-yaml@^4.1.0:
  version "4.1.0"
  dependencies:
    argparse "^2.0.1"

js2xmlparser@^4.0.2:
  version "4.0.2"
  dependencies:
    xmlcreate "^2.0.4"

jsdoc@^4.0.0:
  version "4.0.2"
  dependencies:
    "@babel/parser" "^7.20.15"
    "@jsdoc/salty" "^0.2.1"
    "@types/markdown-it" "^12.2.3"
    bluebird "^3.7.2"
    catharsis "^0.9.0"
    escape-string-regexp "^2.0.0"
    js2xmlparser "^4.0.2"
    klaw "^3.0.0"
    markdown-it "^12.3.2"
    markdown-it-anchor "^8.4.1"
    marked "^4.0.10"
    mkdirp "^1.0.4"
    requizzle "^0.2.3"
    strip-json-comments "^3.1.0"
    underscore "~1.13.2"

json-buffer@3.0.1:
  version "3.0.1"

json-schema-traverse@^0.4.1:
  version "0.4.1"

json-stable-stringify-without-jsonify@^1.0.1:
  version "1.0.1"

json-stringify-pretty-compact@^3.0.0:
  version "3.0.0"

jsonc-parser@^3.2.0:
  version "3.2.1"

kdbush@^4.0.1, kdbush@^4.0.2:
  version "4.0.2"

keyv@^4.5.3:
  version "4.5.4"
  dependencies:
    json-buffer "3.0.1"

kind-of@^6.0.2:
  version "6.0.3"

klaw@^3.0.0:
  version "3.0.0"
  dependencies:
    graceful-fs "^4.1.9"

kleur@^4.1.5:
  version "4.1.5"

known-css-properties@^0.29.0:
  version "0.29.0"

levn@^0.4.1:
  version "0.4.1"
  dependencies:
    prelude-ls "^1.2.1"
    type-check "~0.4.0"

levn@~0.3.0:
  version "0.3.0"
  dependencies:
    prelude-ls "~1.1.2"
    type-check "~0.3.2"

lilconfig@^2.0.5, lilconfig@^2.1.0:
  version "2.1.0"

lilconfig@^3.0.0:
  version "3.0.0"

lines-and-columns@^1.1.6:
  version "1.2.4"

linkify-it@^3.0.1:
  version "3.0.3"
  dependencies:
    uc.micro "^1.0.1"

local-pkg@^0.5.0:
  version "0.5.0"
  dependencies:
    mlly "^1.4.2"
    pkg-types "^1.0.3"

locate-character@^3.0.0:
  version "3.0.0"

locate-path@^6.0.0:
  version "6.0.0"
  dependencies:
    p-locate "^5.0.0"

lodash.merge@^4.6.2:
  version "4.6.2"

lodash@^4.17.15, lodash@^4.17.21:
  version "4.17.21"

long@^5.0.0:
  version "5.2.3"

loupe@^2.3.6, loupe@^2.3.7:
  version "2.3.7"
  dependencies:
    get-func-name "^2.0.1"

lru-cache@^6.0.0:
  version "6.0.0"
  dependencies:
    yallist "^4.0.0"

"lru-cache@^9.1.1 || ^10.0.0":
  version "10.2.0"

magic-string@^0.30.0, magic-string@^0.30.3, magic-string@^0.30.4, magic-string@^0.30.5:
  version "0.30.5"
  dependencies:
    "@jridgewell/sourcemap-codec" "^1.4.15"

"mapbox-gl-fps@github:MazeMap/mapbox-gl-fps":
  version "1.0.0"
  resolved "git+ssh://git@github.com/MazeMap/mapbox-gl-fps.git#8df4370b6c6a8bbaf13ee3108328d9fab5634450"

mapbox-gl@^3.1.0:
  version "3.1.2"
  dependencies:
    "@mapbox/geojson-rewind" "^0.5.2"
    "@mapbox/jsonlint-lines-primitives" "^2.0.2"
    "@mapbox/mapbox-gl-supported" "^2.0.1"
    "@mapbox/point-geometry" "^0.1.0"
    "@mapbox/tiny-sdf" "^2.0.6"
    "@mapbox/unitbezier" "^0.0.1"
    "@mapbox/vector-tile" "^1.3.1"
    "@mapbox/whoots-js" "^3.1.0"
    cheap-ruler "^3.0.1"
    csscolorparser "~1.0.3"
    earcut "^2.2.4"
    geojson-vt "^3.2.1"
    gl-matrix "^3.4.3"
    grid-index "^1.1.0"
    kdbush "^4.0.1"
    murmurhash-js "^1.0.0"
    pbf "^3.2.1"
    potpack "^2.0.0"
    quickselect "^2.0.0"
    rw "^1.3.3"
    supercluster "^8.0.0"
    tinyqueue "^2.0.3"
    vt-pbf "^3.1.3"

maplibre-gl@^3.6.2:
  version "3.6.2"
  dependencies:
    "@mapbox/geojson-rewind" "^0.5.2"
    "@mapbox/jsonlint-lines-primitives" "^2.0.2"
    "@mapbox/point-geometry" "^0.1.0"
    "@mapbox/tiny-sdf" "^2.0.6"
    "@mapbox/unitbezier" "^0.0.1"
    "@mapbox/vector-tile" "^1.3.1"
    "@mapbox/whoots-js" "^3.1.0"
    "@maplibre/maplibre-gl-style-spec" "^19.3.3"
    "@types/geojson" "^7946.0.13"
    "@types/mapbox__point-geometry" "^0.1.4"
    "@types/mapbox__vector-tile" "^1.3.4"
    "@types/pbf" "^3.0.5"
    "@types/supercluster" "^7.1.3"
    earcut "^2.2.4"
    geojson-vt "^3.2.1"
    gl-matrix "^3.4.3"
    global-prefix "^3.0.0"
    kdbush "^4.0.2"
    murmurhash-js "^1.0.0"
    pbf "^3.2.1"
    potpack "^2.0.0"
    quickselect "^2.0.0"
    supercluster "^8.0.1"
    tinyqueue "^2.0.3"
    vt-pbf "^3.1.3"

markdown-it-anchor@^8.4.1:
  version "8.6.7"

markdown-it@*, markdown-it@^12.3.2:
  version "12.3.2"
  dependencies:
    argparse "^2.0.1"
    entities "~2.1.0"
    linkify-it "^3.0.1"
    mdurl "^1.0.1"
    uc.micro "^1.0.5"

marked@^4.0.10:
  version "4.3.0"

mdn-data@2.0.30:
  version "2.0.30"

mdurl@^1.0.1:
  version "1.0.1"

merge-stream@^2.0.0:
  version "2.0.0"

merge2@^1.3.0, merge2@^1.4.1:
  version "1.4.1"

micromatch@^4.0.4, micromatch@^4.0.5:
  version "4.0.5"
  dependencies:
    braces "^3.0.2"
    picomatch "^2.3.1"

mimic-fn@^4.0.0:
  version "4.0.0"

min-indent@^1.0.0:
  version "1.0.1"

minimatch@^3.0.5:
  version "3.0.8"
  dependencies:
    brace-expansion "^1.1.7"

minimatch@^3.1.1, minimatch@^3.1.2:
  version "3.1.2"
  dependencies:
    brace-expansion "^1.1.7"

minimatch@^5.0.1:
  version "5.1.6"
  dependencies:
    brace-expansion "^2.0.1"

minimatch@^9.0.1:
  version "9.0.3"
  dependencies:
    brace-expansion "^2.0.1"

minimatch@9.0.3:
  version "9.0.3"
  dependencies:
    brace-expansion "^2.0.1"

minimist@^1.2.0, minimist@^1.2.6, minimist@^1.2.8:
  version "1.2.8"

"minipass@^5.0.0 || ^6.0.2 || ^7.0.0":
  version "7.0.4"

mkdirp@^0.5.1:
  version "0.5.6"
  dependencies:
    minimist "^1.2.6"

mkdirp@^1.0.4:
  version "1.0.4"

mlly@^1.2.0, mlly@^1.4.2:
  version "1.5.0"
  dependencies:
    acorn "^8.11.3"
    pathe "^1.1.2"
    pkg-types "^1.0.3"
    ufo "^1.3.2"

moment@^2.30.1:
  version "2.30.1"

mri@^1.1.0:
  version "1.2.0"

mrmime@^1.0.1:
  version "1.0.1"

mrmime@^2.0.0:
  version "2.0.0"

ms@2.1.2:
  version "2.1.2"

murmurhash-js@^1.0.0:
  version "1.0.0"

mz@^2.7.0:
  version "2.7.0"
  dependencies:
    any-promise "^1.0.0"
    object-assign "^4.0.1"
    thenify-all "^1.0.0"

nanoid@^3.3.7:
  version "3.3.7"

natural-compare@^1.4.0:
  version "1.4.0"

node-releases@^2.0.14:
  version "2.0.14"

normalize-path@^3.0.0, normalize-path@~3.0.0:
  version "3.0.0"

normalize-range@^0.1.2:
  version "0.1.2"

npm-run-path@^5.1.0:
  version "5.2.0"
  dependencies:
    path-key "^4.0.0"

object-assign@^4.0.1:
  version "4.1.1"

object-hash@^3.0.0:
  version "3.0.0"

once@^1.3.0:
  version "1.4.0"
  dependencies:
    wrappy "1"

onetime@^6.0.0:
  version "6.0.0"
  dependencies:
    mimic-fn "^4.0.0"

optionator@^0.8.1:
  version "0.8.3"
  dependencies:
    deep-is "~0.1.3"
    fast-levenshtein "~2.0.6"
    levn "~0.3.0"
    prelude-ls "~1.1.2"
    type-check "~0.3.2"
    word-wrap "~1.2.3"

optionator@^0.9.3:
  version "0.9.3"
  dependencies:
    "@aashutoshrathi/word-wrap" "^1.2.3"
    deep-is "^0.1.3"
    fast-levenshtein "^2.0.6"
    levn "^0.4.1"
    prelude-ls "^1.2.1"
    type-check "^0.4.0"

p-limit@^3.0.2:
  version "3.1.0"
  dependencies:
    yocto-queue "^0.1.0"

p-limit@^5.0.0:
  version "5.0.0"
  dependencies:
    yocto-queue "^1.0.0"

p-locate@^5.0.0:
  version "5.0.0"
  dependencies:
    p-limit "^3.0.2"

parent-module@^1.0.0:
  version "1.0.1"
  dependencies:
    callsites "^3.0.0"

path-exists@^4.0.0:
  version "4.0.0"

path-is-absolute@^1.0.0:
  version "1.0.1"

path-key@^3.1.0:
  version "3.1.1"

path-key@^4.0.0:
  version "4.0.0"

path-parse@^1.0.7:
  version "1.0.7"

path-scurry@^1.10.1:
  version "1.10.1"
  dependencies:
    lru-cache "^9.1.1 || ^10.0.0"
    minipass "^5.0.0 || ^6.0.2 || ^7.0.0"

path-type@^4.0.0:
  version "4.0.0"

pathe@^1.1.0, pathe@^1.1.1, pathe@^1.1.2:
  version "1.1.2"

pathval@^1.1.1:
  version "1.1.1"

pbf@^3.2.1:
  version "3.2.1"
  dependencies:
    ieee754 "^1.1.12"
    resolve-protobuf-schema "^2.1.0"

periscopic@^3.1.0:
  version "3.1.0"
  dependencies:
    "@types/estree" "^1.0.0"
    estree-walker "^3.0.0"
    is-reference "^3.0.0"

picocolors@^1.0.0:
  version "1.0.0"

picomatch@^2.0.4, picomatch@^2.2.1, picomatch@^2.3.1:
  version "2.3.1"

pify@^2.3.0:
  version "2.3.0"

pirates@^4.0.1:
  version "4.0.6"

pkg-types@^1.0.3:
  version "1.0.3"
  dependencies:
    jsonc-parser "^3.2.0"
    mlly "^1.2.0"
    pathe "^1.1.0"

playwright-core@1.41.1:
  version "1.41.1"

playwright@1.41.1:
  version "1.41.1"
  dependencies:
    playwright-core "1.41.1"
  optionalDependencies:
    fsevents "2.3.2"

postcss-import@^15.1.0:
  version "15.1.0"
  dependencies:
    postcss-value-parser "^4.0.0"
    read-cache "^1.0.0"
    resolve "^1.1.7"

postcss-js@^4.0.1:
  version "4.0.1"
  dependencies:
    camelcase-css "^2.0.1"

"postcss-load-config@^2.1.0 || ^3.0.0 || ^4.0.0 || ^5.0.0", postcss-load-config@^3.1.4:
  version "3.1.4"
  dependencies:
    lilconfig "^2.0.5"
    yaml "^1.10.2"

postcss-load-config@^4.0.1:
  version "4.0.2"
  dependencies:
    lilconfig "^3.0.0"
    yaml "^2.3.4"

postcss-nested@^6.0.1:
  version "6.0.1"
  dependencies:
    postcss-selector-parser "^6.0.11"

postcss-safe-parser@^6.0.0:
  version "6.0.0"

postcss-scss@^4.0.8:
  version "4.0.9"

postcss-selector-parser@^6.0.11:
  version "6.0.15"
  dependencies:
    cssesc "^3.0.0"
    util-deprecate "^1.0.2"

postcss-value-parser@^4.0.0, postcss-value-parser@^4.2.0:
  version "4.2.0"

"postcss@^7 || ^8", postcss@^8.0.0, postcss@^8.1.0, postcss@^8.2.14, postcss@^8.3.3, postcss@^8.4.21, postcss@^8.4.23, postcss@^8.4.27, postcss@^8.4.29, postcss@^8.4.32, postcss@^8.4.33, postcss@^8.4.5, postcss@>=8.0.9:
  version "8.4.33"
  dependencies:
    nanoid "^3.3.7"
    picocolors "^1.0.0"
    source-map-js "^1.0.2"

potpack@^2.0.0:
  version "2.0.0"

prelude-ls@^1.2.1:
  version "1.2.1"

prelude-ls@~1.1.2:
  version "1.1.2"

prettier-plugin-svelte@^3.1.2:
  version "3.1.2"

prettier@^3.0.0, prettier@^3.2.4:
  version "3.2.4"

pretty-format@^29.7.0:
  version "29.7.0"
  dependencies:
    "@jest/schemas" "^29.6.3"
    ansi-styles "^5.0.0"
    react-is "^18.0.0"

protobufjs-cli@^1.0.2:
  version "1.1.2"
  dependencies:
    chalk "^4.0.0"
    escodegen "^1.13.0"
    espree "^9.0.0"
    estraverse "^5.1.0"
    glob "^8.0.0"
    jsdoc "^4.0.0"
    minimist "^1.2.0"
    semver "^7.1.2"
    tmp "^0.2.1"
    uglify-js "^3.7.7"

protobufjs@^7.0.0, protobufjs@^7.1.2, protobufjs@^7.2.6:
  version "7.2.6"
  dependencies:
    "@protobufjs/aspromise" "^1.1.2"
    "@protobufjs/base64" "^1.1.2"
    "@protobufjs/codegen" "^2.0.4"
    "@protobufjs/eventemitter" "^1.1.0"
    "@protobufjs/fetch" "^1.1.0"
    "@protobufjs/float" "^1.0.2"
    "@protobufjs/inquire" "^1.1.0"
    "@protobufjs/path" "^1.1.2"
    "@protobufjs/pool" "^1.1.0"
    "@protobufjs/utf8" "^1.1.0"
    "@types/node" ">=13.7.0"
    long "^5.0.0"

protocol-buffers-schema@^3.3.1:
  version "3.6.0"

punycode@^2.1.0:
  version "2.3.1"

queue-microtask@^1.2.2:
  version "1.2.3"

quickselect@^2.0.0:
  version "2.0.0"

react-is@^18.0.0:
  version "18.2.0"

read-cache@^1.0.0:
  version "1.0.0"
  dependencies:
    pify "^2.3.0"

readdirp@~3.6.0:
  version "3.6.0"
  dependencies:
    picomatch "^2.2.1"

requizzle@^0.2.3:
  version "0.2.4"
  dependencies:
    lodash "^4.17.21"

resolve-from@^4.0.0:
  version "4.0.0"

resolve-protobuf-schema@^2.1.0:
  version "2.1.0"
  dependencies:
    protocol-buffers-schema "^3.3.1"

resolve@^1.1.7, resolve@^1.22.1, resolve@^1.22.2:
  version "1.22.8"
  dependencies:
    is-core-module "^2.13.0"
    path-parse "^1.0.7"
    supports-preserve-symlinks-flag "^1.0.0"

reusify@^1.0.4:
  version "1.0.4"

rimraf@^2.5.2:
  version "2.7.1"
  dependencies:
    glob "^7.1.3"

rimraf@^3.0.0, rimraf@^3.0.2:
  version "3.0.2"
  dependencies:
    glob "^7.1.3"

rollup@^1.20.0||^2.0.0||^3.0.0||^4.0.0, rollup@^2.68.0||^3.0.0||^4.0.0, rollup@^2.78.0||^3.0.0||^4.0.0, rollup@^3.27.1, rollup@^3.7.0:
  version "3.29.4"
  optionalDependencies:
    fsevents "~2.3.2"

rollup@^4.2.0:
  version "4.9.6"
  dependencies:
    "@types/estree" "1.0.5"
  optionalDependencies:
    "@rollup/rollup-android-arm-eabi" "4.9.6"
    "@rollup/rollup-android-arm64" "4.9.6"
    "@rollup/rollup-darwin-arm64" "4.9.6"
    "@rollup/rollup-darwin-x64" "4.9.6"
    "@rollup/rollup-linux-arm-gnueabihf" "4.9.6"
    "@rollup/rollup-linux-arm64-gnu" "4.9.6"
    "@rollup/rollup-linux-arm64-musl" "4.9.6"
    "@rollup/rollup-linux-riscv64-gnu" "4.9.6"
    "@rollup/rollup-linux-x64-gnu" "4.9.6"
    "@rollup/rollup-linux-x64-musl" "4.9.6"
    "@rollup/rollup-win32-arm64-msvc" "4.9.6"
    "@rollup/rollup-win32-ia32-msvc" "4.9.6"
    "@rollup/rollup-win32-x64-msvc" "4.9.6"
    fsevents "~2.3.2"

run-parallel@^1.1.9:
  version "1.2.0"
  dependencies:
    queue-microtask "^1.2.2"

rw@^1.3.3:
  version "1.3.3"

sade@^1.7.4, sade@^1.8.1:
  version "1.8.1"
  dependencies:
    mri "^1.1.0"

sander@^0.5.0:
  version "0.5.1"
  dependencies:
    es6-promise "^3.1.2"
    graceful-fs "^4.1.3"
    mkdirp "^0.5.1"
    rimraf "^2.5.2"

semver@^7.1.2, semver@^7.5.3, semver@^7.5.4:
  version "7.5.4"
  dependencies:
    lru-cache "^6.0.0"

set-cookie-parser@^2.6.0:
  version "2.6.0"

set-value@^2.0.1:
  version "2.0.1"
  dependencies:
    extend-shallow "^2.0.1"
    is-extendable "^0.1.1"
    is-plain-object "^2.0.3"
    split-string "^3.0.1"

shebang-command@^2.0.0:
  version "2.0.0"
  dependencies:
    shebang-regex "^3.0.0"

shebang-regex@^3.0.0:
  version "3.0.0"

siginfo@^2.0.0:
  version "2.0.0"

signal-exit@^4.0.1, signal-exit@^4.1.0:
  version "4.1.0"

sirv@^2.0.2:
  version "2.0.4"
  dependencies:
    "@polka/url" "^1.0.0-next.24"
    mrmime "^2.0.0"
    totalist "^3.0.0"

slash@^3.0.0:
  version "3.0.0"

sorcery@^0.11.0:
  version "0.11.0"
  dependencies:
    "@jridgewell/sourcemap-codec" "^1.4.14"
    buffer-crc32 "^0.2.5"
    minimist "^1.2.0"
    sander "^0.5.0"

sort-asc@^0.2.0:
  version "0.2.0"

sort-desc@^0.2.0:
  version "0.2.0"

sort-object@^3.0.3:
  version "3.0.3"
  dependencies:
    bytewise "^1.1.0"
    get-value "^2.0.2"
    is-extendable "^0.1.1"
    sort-asc "^0.2.0"
    sort-desc "^0.2.0"
    union-value "^1.0.1"

source-map-js@^1.0.1, source-map-js@^1.0.2:
  version "1.0.2"

source-map@~0.6.1:
  version "0.6.1"

split-string@^3.0.1:
  version "3.1.0"
  dependencies:
    extend-shallow "^3.0.0"

stackback@0.0.2:
  version "0.0.2"

std-env@^3.5.0:
  version "3.7.0"

"string-width-cjs@npm:string-width@^4.2.0":
  version "4.2.3"
  dependencies:
    emoji-regex "^8.0.0"
    is-fullwidth-code-point "^3.0.0"
    strip-ansi "^6.0.1"

string-width@^4.1.0:
  version "4.2.3"
  dependencies:
    emoji-regex "^8.0.0"
    is-fullwidth-code-point "^3.0.0"
    strip-ansi "^6.0.1"

string-width@^5.0.1, string-width@^5.1.2:
  version "5.1.2"
  dependencies:
    eastasianwidth "^0.2.0"
    emoji-regex "^9.2.2"
    strip-ansi "^7.0.1"

"strip-ansi-cjs@npm:strip-ansi@^6.0.1":
  version "6.0.1"
  dependencies:
    ansi-regex "^5.0.1"

strip-ansi@^6.0.0, strip-ansi@^6.0.1:
  version "6.0.1"
  dependencies:
    ansi-regex "^5.0.1"

strip-ansi@^7.0.1:
  version "7.1.0"
  dependencies:
    ansi-regex "^6.0.1"

strip-final-newline@^3.0.0:
  version "3.0.0"

strip-indent@^3.0.0:
  version "3.0.0"
  dependencies:
    min-indent "^1.0.0"

strip-json-comments@^3.1.0, strip-json-comments@^3.1.1:
  version "3.1.1"

strip-literal@^1.3.0:
  version "1.3.0"
  dependencies:
    acorn "^8.10.0"

sucrase@^3.32.0:
  version "3.35.0"
  dependencies:
    "@jridgewell/gen-mapping" "^0.3.2"
    commander "^4.0.0"
    glob "^10.3.10"
    lines-and-columns "^1.1.6"
    mz "^2.7.0"
    pirates "^4.0.1"
    ts-interface-checker "^0.1.9"

supercluster@^8.0.0, supercluster@^8.0.1:
  version "8.0.1"
  dependencies:
    kdbush "^4.0.2"

supports-color@^7.1.0:
  version "7.2.0"
  dependencies:
    has-flag "^4.0.0"

supports-preserve-symlinks-flag@^1.0.0:
  version "1.0.0"

svelte-adapter-bun@^0.5.1:
  version "0.5.1"
  dependencies:
    tiny-glob "^0.2.9"

svelte-check@^3.6.3:
  version "3.6.3"
  dependencies:
    "@jridgewell/trace-mapping" "^0.3.17"
    chokidar "^3.4.1"
    fast-glob "^3.2.7"
    import-fresh "^3.2.1"
    picocolors "^1.0.0"
    sade "^1.7.4"
    svelte-preprocess "^5.1.0"
    typescript "^5.0.3"

"svelte-eslint-parser@>=0.33.0 <1.0.0":
  version "0.33.1"
  dependencies:
    eslint-scope "^7.0.0"
    eslint-visitor-keys "^3.0.0"
    espree "^9.0.0"
    postcss "^8.4.29"
    postcss-scss "^4.0.8"

svelte-hmr@^0.15.3:
  version "0.15.3"

svelte-preprocess@^5.1.0:
  version "5.1.3"
  dependencies:
    "@types/pug" "^2.0.6"
    detect-indent "^6.1.0"
    magic-string "^0.30.5"
    sorcery "^0.11.0"
    strip-indent "^3.0.0"

svelte-toasts@^1.1.2:
  version "1.1.2"

"svelte@^3.19.0 || ^4.0.0", "svelte@^3.2.0 || ^4.0.0-next.0 || ^5.0.0-next.0", "svelte@^3.23.0 || ^4.0.0-next.0 || ^4.0.0 || ^5.0.0-next.0", "svelte@^3.37.0 || ^4.0.0", "svelte@^3.54.0 || ^4.0.0", "svelte@^3.54.0 || ^4.0.0 || ^5.0.0-next.0", "svelte@^3.54.0 || ^4.0.0-next.0 || ^5.0.0-next.0", "svelte@^3.55.0 || ^4.0.0-next.0 || ^4.0.0 || ^5.0.0-next.0", "svelte@^3.57.0 || ^4.0.0", svelte@^4.2.9:
  version "4.2.9"
  dependencies:
    "@ampproject/remapping" "^2.2.1"
    "@jridgewell/sourcemap-codec" "^1.4.15"
    "@jridgewell/trace-mapping" "^0.3.18"
    "@types/estree" "^1.0.1"
    acorn "^8.9.0"
    aria-query "^5.3.0"
    axobject-query "^4.0.0"
    code-red "^1.0.3"
    css-tree "^2.3.1"
    estree-walker "^3.0.3"
    is-reference "^3.0.1"
    locate-character "^3.0.0"
    magic-string "^0.30.4"
    periscopic "^3.1.0"

tailwindcss@^3.4.1:
  version "3.4.1"
  dependencies:
    "@alloc/quick-lru" "^5.2.0"
    arg "^5.0.2"
    chokidar "^3.5.3"
    didyoumean "^1.2.2"
    dlv "^1.1.3"
    fast-glob "^3.3.0"
    glob-parent "^6.0.2"
    is-glob "^4.0.3"
    jiti "^1.19.1"
    lilconfig "^2.1.0"
    micromatch "^4.0.5"
    normalize-path "^3.0.0"
    object-hash "^3.0.0"
    picocolors "^1.0.0"
    postcss "^8.4.23"
    postcss-import "^15.1.0"
    postcss-js "^4.0.1"
    postcss-load-config "^4.0.1"
    postcss-nested "^6.0.1"
    postcss-selector-parser "^6.0.11"
    resolve "^1.22.2"
    sucrase "^3.32.0"

text-table@^0.2.0:
  version "0.2.0"

thenify-all@^1.0.0:
  version "1.6.0"
  dependencies:
    thenify ">= 3.1.0 < 4"

"thenify@>= 3.1.0 < 4":
  version "3.3.1"
  dependencies:
    any-promise "^1.0.0"

tiny-glob@^0.2.9:
  version "0.2.9"
  dependencies:
    globalyzer "0.1.0"
    globrex "^0.1.2"

tinybench@^2.5.1:
  version "2.6.0"

tinypool@^0.8.2:
  version "0.8.2"

tinyqueue@^2.0.3:
  version "2.0.3"

tinyspy@^2.2.0:
  version "2.2.0"

tmp@^0.2.1:
  version "0.2.1"
  dependencies:
    rimraf "^3.0.0"

to-regex-range@^5.0.1:
  version "5.0.1"
  dependencies:
    is-number "^7.0.0"

toastify-js@^1.12.0:
  version "1.12.0"

totalist@^3.0.0:
  version "3.0.1"

ts-api-utils@^1.0.1:
  version "1.0.3"

ts-interface-checker@^0.1.9:
  version "0.1.13"

tslib@^2.4.1:
  version "2.6.2"

type-check@^0.4.0, type-check@~0.4.0:
  version "0.4.0"
  dependencies:
    prelude-ls "^1.2.1"

type-check@~0.3.2:
  version "0.3.2"
  dependencies:
    prelude-ls "~1.1.2"

type-detect@^4.0.0, type-detect@^4.0.8:
  version "4.0.8"

type-fest@^0.20.2:
  version "0.20.2"

typescript@^5.0.3, typescript@^5.3.3, "typescript@>=3.9.5 || ^4.0.0 || ^5.0.0", typescript@>=4.2.0:
  version "5.3.3"

typewise-core@^1.2, typewise-core@^1.2.0:
  version "1.2.0"

typewise@^1.0.3:
  version "1.0.3"
  dependencies:
    typewise-core "^1.2.0"

uc.micro@^1.0.1, uc.micro@^1.0.5:
  version "1.0.6"

ufo@^1.3.2:
  version "1.3.2"

uglify-js@^3.7.7:
  version "3.17.4"

underscore@~1.13.2:
  version "1.13.6"

undici-types@~5.26.4:
  version "5.26.5"

undici@~5.26.2:
  version "5.26.5"
  dependencies:
    "@fastify/busboy" "^2.0.0"

union-value@^1.0.1:
  version "1.0.1"
  dependencies:
    arr-union "^3.1.0"
    get-value "^2.0.6"
    is-extendable "^0.1.1"
    set-value "^2.0.1"

update-browserslist-db@^1.0.13:
  version "1.0.13"
  dependencies:
    escalade "^3.1.1"
    picocolors "^1.0.0"

uri-js@^4.2.2:
  version "4.4.1"
  dependencies:
    punycode "^2.1.0"

util-deprecate@^1.0.2:
  version "1.0.2"

vite-node@1.2.2:
  version "1.2.2"
  dependencies:
    cac "^6.7.14"
    debug "^4.3.4"
    pathe "^1.1.1"
    picocolors "^1.0.0"
    vite "^5.0.0"

"vite@^3.0.0 || ^4.0.0 || ^5.0.0", vite@^4.0.0, vite@^4.5.2:
  version "4.5.2"
  dependencies:
    esbuild "^0.18.10"
    postcss "^8.4.27"
    rollup "^3.27.1"
  optionalDependencies:
    fsevents "~2.3.2"

vite@^5.0.0:
  version "5.0.12"
  dependencies:
    esbuild "^0.19.3"
    postcss "^8.4.32"
    rollup "^4.2.0"
  optionalDependencies:
    fsevents "~2.3.3"

vitefu@^0.2.4:
  version "0.2.5"

vitest@^1.2.1:
  version "1.2.2"
  dependencies:
    "@vitest/expect" "1.2.2"
    "@vitest/runner" "1.2.2"
    "@vitest/snapshot" "1.2.2"
    "@vitest/spy" "1.2.2"
    "@vitest/utils" "1.2.2"
    acorn-walk "^8.3.2"
    cac "^6.7.14"
    chai "^4.3.10"
    debug "^4.3.4"
    execa "^8.0.1"
    local-pkg "^0.5.0"
    magic-string "^0.30.5"
    pathe "^1.1.1"
    picocolors "^1.0.0"
    std-env "^3.5.0"
    strip-literal "^1.3.0"
    tinybench "^2.5.1"
    tinypool "^0.8.2"
    vite "^5.0.0"
    vite-node "1.2.2"
    why-is-node-running "^2.2.2"

vt-pbf@^3.1.3:
  version "3.1.3"
  dependencies:
    "@mapbox/point-geometry" "0.1.0"
    "@mapbox/vector-tile" "^1.3.1"
    pbf "^3.2.1"

which@^1.3.1:
  version "1.3.1"
  dependencies:
    isexe "^2.0.0"

which@^2.0.1:
  version "2.0.2"
  dependencies:
    isexe "^2.0.0"

why-is-node-running@^2.2.2:
  version "2.2.2"
  dependencies:
    siginfo "^2.0.0"
    stackback "0.0.2"

word-wrap@~1.2.3:
  version "1.2.5"

"wrap-ansi-cjs@npm:wrap-ansi@^7.0.0":
  version "7.0.0"
  dependencies:
    ansi-styles "^4.0.0"
    string-width "^4.1.0"
    strip-ansi "^6.0.0"

wrap-ansi@^8.1.0:
  version "8.1.0"
  dependencies:
    ansi-styles "^6.1.0"
    string-width "^5.0.1"
    strip-ansi "^7.0.1"

wrappy@1:
  version "1.0.2"

xmlcreate@^2.0.4:
  version "2.0.4"

yallist@^4.0.0:
  version "4.0.0"

yaml@^1.10.2:
  version "1.10.2"

yaml@^2.3.4:
  version "2.3.4"

yocto-queue@^0.1.0:
  version "0.1.0"

yocto-queue@^1.0.0:
  version "1.0.0"
